
Microsoft Visual Studio Solution File, Format Version 12.00
# Visual Studio 2013
VisualStudioVersion = 12.0.30110.0
MinimumVisualStudioVersion = 10.0.40219.1
Project("{FAE04EC0-301F-11D3-BF4B-00C04F79EFBC}") = "DynamoDB-Geo", "DynamoDB-Geo\DynamoDB-Geo.csproj", "{A1F6EC36-8A5F-46D2-B702-0B19C67E679D}"
EndProject
Project("{2150E333-8FDC-42A3-9474-1A3956D46DE8}") = ".nuget", ".nuget", "{3C3CAB09-6AA7-4961-B83D-C97419A8618D}"
	ProjectSection(SolutionItems) = preProject
		.nuget\NuGet.Config = .nuget\NuGet.Config
		.nuget\NuGet.exe = .nuget\NuGet.exe
		.nuget\NuGet.targets = .nuget\NuGet.targets
	EndProjectSection
EndProject
Project("{FAE04EC0-301F-11D3-BF4B-00C04F79EFBC}") = "SampleServer", "SampleServer\SampleServer.csproj", "{ED48812C-D98C-4184-B860-FA78970F6052}"
EndProject
Project("{FAE04EC0-301F-11D3-BF4B-00C04F79EFBC}") = "SampleServer.Client", "SampleServer.Client\SampleServer.Client.csproj", "{D7C2A60F-DFA6-409F-A983-7FC48611CCE2}"
EndProject
Global
	GlobalSection(SolutionConfigurationPlatforms) = preSolution
		Debug|Any CPU = Debug|Any CPU
		Release|Any CPU = Release|Any CPU
	EndGlobalSection
	GlobalSection(ProjectConfigurationPlatforms) = postSolution
		{A1F6EC36-8A5F-46D2-B702-0B19C67E679D}.Debug|Any CPU.ActiveCfg = Debug|Any CPU
		{A1F6EC36-8A5F-46D2-B702-0B19C67E679D}.Debug|Any CPU.Build.0 = Debug|Any CPU
		{A1F6EC36-8A5F-46D2-B702-0B19C67E679D}.Release|Any CPU.ActiveCfg = Release|Any CPU
		{A1F6EC36-8A5F-46D2-B702-0B19C67E679D}.Release|Any CPU.Build.0 = Release|Any CPU
		{ED48812C-D98C-4184-B860-FA78970F6052}.Debug|Any CPU.ActiveCfg = Debug|Any CPU
		{ED48812C-D98C-4184-B860-FA78970F6052}.Debug|Any CPU.Build.0 = Debug|Any CPU
		{ED48812C-D98C-4184-B860-FA78970F6052}.Release|Any CPU.ActiveCfg = Release|Any CPU
		{ED48812C-D98C-4184-B860-FA78970F6052}.Release|Any CPU.Build.0 = Release|Any CPU
		{D7C2A60F-DFA6-409F-A983-7FC48611CCE2}.Debug|Any CPU.ActiveCfg = Debug|Any CPU
		{D7C2A60F-DFA6-409F-A983-7FC48611CCE2}.Debug|Any CPU.Build.0 = Debug|Any CPU
		{D7C2A60F-DFA6-409F-A983-7FC48611CCE2}.Release|Any CPU.ActiveCfg = Release|Any CPU
		{D7C2A60F-DFA6-409F-A983-7FC48611CCE2}.Release|Any CPU.Build.0 = Release|Any CPU
	EndGlobalSection
	GlobalSection(SolutionProperties) = preSolution
		HideSolutionNode = FALSE
	EndGlobalSection
EndGlobal
